// !$*UTF8*$!
{
	archiveVersion = 1;
	classes = {
	};
	objectVersion = 50;
	objects = {

/* Begin PBXBuildFile section */
		048CF4FF257536B800BF7D03 /* AppDelegate.swift in Sources */ = {isa = PBXBuildFile; fileRef = 048CF4FE257536B800BF7D03 /* AppDelegate.swift */; };
		048CF501257536B800BF7D03 /* SceneDelegate.swift in Sources */ = {isa = PBXBuildFile; fileRef = 048CF500257536B800BF7D03 /* SceneDelegate.swift */; };
		048CF503257536B800BF7D03 /* ViewController.swift in Sources */ = {isa = PBXBuildFile; fileRef = 048CF502257536B800BF7D03 /* ViewController.swift */; };
		048CF506257536B800BF7D03 /* Main.storyboard in Resources */ = {isa = PBXBuildFile; fileRef = 048CF504257536B800BF7D03 /* Main.storyboard */; };
		048CF508257536B800BF7D03 /* Assets.xcassets in Resources */ = {isa = PBXBuildFile; fileRef = 048CF507257536B800BF7D03 /* Assets.xcassets */; };
		048CF50B257536B800BF7D03 /* LaunchScreen.storyboard in Resources */ = {isa = PBXBuildFile; fileRef = 048CF509257536B800BF7D03 /* LaunchScreen.storyboard */; };
		048CF516257536B800BF7D03 /* testTests.swift in Sources */ = {isa = PBXBuildFile; fileRef = 048CF515257536B800BF7D03 /* testTests.swift */; };
		048CF521257536B900BF7D03 /* testUITests.swift in Sources */ = {isa = PBXBuildFile; fileRef = 048CF520257536B900BF7D03 /* testUITests.swift */; };
/* End PBXBuildFile section */

/* Begin PBXContainerItemProxy section */
		048CF512257536B800BF7D03 /* PBXContainerItemProxy */ = {
			isa = PBXContainerItemProxy;
			containerPortal = 048CF4F3257536B800BF7D03 /* Project object */;
			proxyType = 1;
			remoteGlobalIDString = 048CF4FA257536B800BF7D03;
			remoteInfo = test;
		};
		048CF51D257536B900BF7D03 /* PBXContainerItemProxy */ = {
			isa = PBXContainerItemProxy;
			containerPortal = 048CF4F3257536B800BF7D03 /* Project object */;
			proxyType = 1;
			remoteGlobalIDString = 048CF4FA257536B800BF7D03;
			remoteInfo = test;
		};
/* End PBXContainerItemProxy section */

/* Begin PBXFileReference section */
		048CF4FB257536B800BF7D03 /* test.app */ = {isa = PBXFileReference; explicitFileType = wrapper.application; includeInIndex = 0; path = test.app; sourceTree = BUILT_PRODUCTS_DIR; };
		048CF4FE257536B800BF7D03 /* AppDelegate.swift */ = {isa = PBXFileReference; lastKnownFileType = sourcecode.swift; path = AppDelegate.swift; sourceTree = "<group>"; };
		048CF500257536B800BF7D03 /* SceneDelegate.swift */ = {isa = PBXFileReference; lastKnownFileType = sourcecode.swift; path = SceneDelegate.swift; sourceTree = "<group>"; };
		048CF502257536B800BF7D03 /* ViewController.swift */ = {isa = PBXFileReference; lastKnownFileType = sourcecode.swift; path = ViewController.swift; sourceTree = "<group>"; };
		048CF505257536B800BF7D03 /* Base */ = {isa = PBXFileReference; lastKnownFileType = file.storyboard; name = Base; path = Base.lproj/Main.storyboard; sourceTree = "<group>"; };
		048CF507257536B800BF7D03 /* Assets.xcassets */ = {isa = PBXFileReference; lastKnownFileType = folder.assetcatalog; path = Assets.xcassets; sourceTree = "<group>"; };
		048CF50A257536B800BF7D03 /* Base */ = {isa = PBXFileReference; lastKnownFileType = file.storyboard; name = Base; path = Base.lproj/LaunchScreen.storyboard; sourceTree = "<group>"; };
		048CF50C257536B800BF7D03 /* Info.plist */ = {isa = PBXFileReference; lastKnownFileType = text.plist.xml; path = Info.plist; sourceTree = "<group>"; };
		048CF511257536B800BF7D03 /* testTests.xctest */ = {isa = PBXFileReference; explicitFileType = wrapper.cfbundle; includeInIndex = 0; path = testTests.xctest; sourceTree = BUILT_PRODUCTS_DIR; };
		048CF515257536B800BF7D03 /* testTests.swift */ = {isa = PBXFileReference; lastKnownFileType = sourcecode.swift; path = testTests.swift; sourceTree = "<group>"; };
		048CF517257536B800BF7D03 /* Info.plist */ = {isa = PBXFileReference; lastKnownFileType = text.plist.xml; path = Info.plist; sourceTree = "<group>"; };
		048CF51C257536B900BF7D03 /* testUITests.xctest */ = {isa = PBXFileReference; explicitFileType = wrapper.cfbundle; includeInIndex = 0; path = testUITests.xctest; sourceTree = BUILT_PRODUCTS_DIR; };
		048CF520257536B900BF7D03 /* testUITests.swift */ = {isa = PBXFileReference; lastKnownFileType = sourcecode.swift; path = testUITests.swift; sourceTree = "<group>"; };
		048CF522257536B900BF7D03 /* Info.plist */ = {isa = PBXFileReference; lastKnownFileType = text.plist.xml; path = Info.plist; sourceTree = "<group>"; };
/* End PBXFileReference section */

/* Begin PBXFrameworksBuildPhase section */
		048CF4F8257536B800BF7D03 /* Frameworks */ = {
			isa = PBXFrameworksBuildPhase;
			buildActionMask = 2147483647;
			files = (
			);
			runOnlyForDeploymentPostprocessing = 0;
		};
		048CF50E257536B800BF7D03 /* Frameworks */ = {
			isa = PBXFrameworksBuildPhase;
			buildActionMask = 2147483647;
			files = (
			);
			runOnlyForDeploymentPostprocessing = 0;
		};
		048CF519257536B900BF7D03 /* Frameworks */ = {
			isa = PBXFrameworksBuildPhase;
			buildActionMask = 2147483647;
			files = (
			);
			runOnlyForDeploymentPostprocessing = 0;
		};
/* End PBXFrameworksBuildPhase section */

/* Begin PBXGroup section */
		048CF4F2257536B800BF7D03 = {
			isa = PBXGroup;
			children = (
				048CF4FD257536B800BF7D03 /* test */,
				048CF514257536B800BF7D03 /* testTests */,
				048CF51F257536B900BF7D03 /* testUITests */,
				048CF4FC257536B800BF7D03 /* Products */,
			);
			sourceTree = "<group>";
		};
		048CF4FC257536B800BF7D03 /* Products */ = {
			isa = PBXGroup;
			children = (
				048CF4FB257536B800BF7D03 /* test.app */,
				048CF511257536B800BF7D03 /* testTests.xctest */,
				048CF51C257536B900BF7D03 /* testUITests.xctest */,
			);
			name = Products;
			sourceTree = "<group>";
		};
		048CF4FD257536B800BF7D03 /* test */ = {
			isa = PBXGroup;
			children = (
				048CF4FE257536B800BF7D03 /* AppDelegate.swift */,
				048CF500257536B800BF7D03 /* SceneDelegate.swift */,
				048CF502257536B800BF7D03 /* ViewController.swift */,
				048CF504257536B800BF7D03 /* Main.storyboard */,
				048CF507257536B800BF7D03 /* Assets.xcassets */,
				048CF509257536B800BF7D03 /* LaunchScreen.storyboard */,
				048CF50C257536B800BF7D03 /* Info.plist */,
			);
			path = test;
			sourceTree = "<group>";
		};
		048CF514257536B800BF7D03 /* testTests */ = {
			isa = PBXGroup;
			children = (
				048CF515257536B800BF7D03 /* testTests.swift */,
				048CF517257536B800BF7D03 /* Info.plist */,
			);
			path = testTests;
			sourceTree = "<group>";
		};
		048CF51F257536B900BF7D03 /* testUITests */ = {
			isa = PBXGroup;
			children = (
				048CF520257536B900BF7D03 /* testUITests.swift */,
				048CF522257536B900BF7D03 /* Info.plist */,
			);
			path = testUITests;
			sourceTree = "<group>";
		};
/* End PBXGroup section */

/* Begin PBXNativeTarget section */
		048CF4FA257536B800BF7D03 /* test */ = {
			isa = PBXNativeTarget;
			buildConfigurationList = 048CF525257536B900BF7D03 /* Build configuration list for PBXNativeTarget "test" */;
			buildPhases = (
				048CF4F7257536B800BF7D03 /* Sources */,
				048CF4F8257536B800BF7D03 /* Frameworks */,
				048CF4F9257536B800BF7D03 /* Resources */,
			);
			buildRules = (
			);
			dependencies = (
			);
			name = test;
			productName = test;
			productReference = 048CF4FB257536B800BF7D03 /* test.app */;
			productType = "com.apple.product-type.application";
		};
		048CF510257536B800BF7D03 /* testTests */ = {
			isa = PBXNativeTarget;
			buildConfigurationList = 048CF528257536B900BF7D03 /* Build configuration list for PBXNativeTarget "testTests" */;
			buildPhases = (
				048CF50D257536B800BF7D03 /* Sources */,
				048CF50E257536B800BF7D03 /* Frameworks */,
				048CF50F257536B800BF7D03 /* Resources */,
			);
			buildRules = (
			);
			dependencies = (
				048CF513257536B800BF7D03 /* PBXTargetDependency */,
			);
			name = testTests;
			productName = testTests;
			productReference = 048CF511257536B800BF7D03 /* testTests.xctest */;
			productType = "com.apple.product-type.bundle.unit-test";
		};
		048CF51B257536B900BF7D03 /* testUITests */ = {
			isa = PBXNativeTarget;
			buildConfigurationList = 048CF52B257536B900BF7D03 /* Build configuration list for PBXNativeTarget "testUITests" */;
			buildPhases = (
				048CF518257536B900BF7D03 /* Sources */,
				048CF519257536B900BF7D03 /* Frameworks */,
				048CF51A257536B900BF7D03 /* Resources */,
			);
			buildRules = (
			);
			dependencies = (
				048CF51E257536B900BF7D03 /* PBXTargetDependency */,
			);
			name = testUITests;
			productName = testUITests;
			productReference = 048CF51C257536B900BF7D03 /* testUITests.xctest */;
			productType = "com.apple.product-type.bundle.ui-testing";
		};
/* End PBXNativeTarget section */

/* Begin PBXProject section */
		048CF4F3257536B800BF7D03 /* Project object */ = {
			isa = PBXProject;
			attributes = {
				LastSwiftUpdateCheck = 1130;
				LastUpgradeCheck = 1130;
				ORGANIZATIONNAME = water;
				TargetAttributes = {
					048CF4FA257536B800BF7D03 = {
						CreatedOnToolsVersion = 11.3.1;
					};
					048CF510257536B800BF7D03 = {
						CreatedOnToolsVersion = 11.3.1;
						TestTargetID = 048CF4FA257536B800BF7D03;
					};
					048CF51B257536B900BF7D03 = {
						CreatedOnToolsVersion = 11.3.1;
						TestTargetID = 048CF4FA257536B800BF7D03;
					};
				};
			};
			buildConfigurationList = 048CF4F6257536B800BF7D03 /* Build configuration list for PBXProject "test" */;
			compatibilityVersion = "Xcode 9.3";
			developmentRegion = en;
			hasScannedForEncodings = 0;
			knownRegions = (
				en,
				Base,
			);
			mainGroup = 048CF4F2257536B800BF7D03;
			productRefGroup = 048CF4FC257536B800BF7D03 /* Products */;
			projectDirPath = "";
			projectRoot = "";
			targets = (
				048CF4FA257536B800BF7D03 /* test */,
				048CF510257536B800BF7D03 /* testTests */,
				048CF51B257536B900BF7D03 /* testUITests */,
			);
		};
/* End PBXProject section */

/* Begin PBXResourcesBuildPhase section */
		048CF4F9257536B800BF7D03 /* Resources */ = {
			isa = PBXResourcesBuildPhase;
			buildActionMask = 2147483647;
			files = (
				048CF50B257536B800BF7D03 /* LaunchScreen.storyboard in Resources */,
				048CF508257536B800BF7D03 /* Assets.xcassets in Resources */,
				048CF506257536B800BF7D03 /* Main.storyboard in Resources */,
			);
			runOnlyForDeploymentPostprocessing = 0;
		};
		048CF50F257536B800BF7D03 /* Resources */ = {
			isa = PBXResourcesBuildPhase;
			buildActionMask = 2147483647;
			files = (
			);
			runOnlyForDeploymentPostprocessing = 0;
		};
		048CF51A257536B900BF7D03 /* Resources */ = {
			isa = PBXResourcesBuildPhase;
			buildActionMask = 2147483647;
			files = (
			);
			runOnlyForDeploymentPostprocessing = 0;
		};
/* End PBXResourcesBuildPhase section */

/* Begin PBXSourcesBuildPhase section */
		048CF4F7257536B800BF7D03 /* Sources */ = {
			isa = PBXSourcesBuildPhase;
			buildActionMask = 2147483647;
			files = (
				048CF503257536B800BF7D03 /* ViewController.swift in Sources */,
				048CF4FF257536B800BF7D03 /* AppDelegate.swift in Sources */,
				048CF501257536B800BF7D03 /* SceneDelegate.swift in Sources */,
			);
			runOnlyForDeploymentPostprocessing = 0;
		};
		048CF50D257536B800BF7D03 /* Sources */ = {
			isa = PBXSourcesBuildPhase;
			buildActionMask = 2147483647;
			files = (
				048CF516257536B800BF7D03 /* testTests.swift in Sources */,
			);
			runOnlyForDeploymentPostprocessing = 0;
		};
		048CF518257536B900BF7D03 /* Sources */ = {
			isa = PBXSourcesBuildPhase;
			buildActionMask = 2147483647;
			files = (
				048CF521257536B900BF7D03 /* testUITests.swift in Sources */,
			);
			runOnlyForDeploymentPostprocessing = 0;
		};
/* End PBXSourcesBuildPhase section */

/* Begin PBXTargetDependency section */
		048CF513257536B800BF7D03 /* PBXTargetDependency */ = {
			isa = PBXTargetDependency;
			target = 048CF4FA257536B800BF7D03 /* test */;
			targetProxy = 048CF512257536B800BF7D03 /* PBXContainerItemProxy */;
		};
		048CF51E257536B900BF7D03 /* PBXTargetDependency */ = {
			isa = PBXTargetDependency;
			target = 048CF4FA257536B800BF7D03 /* test */;
			targetProxy = 048CF51D257536B900BF7D03 /* PBXContainerItemProxy */;
		};
/* End PBXTargetDependency section */

/* Begin PBXVariantGroup section */
		048CF504257536B800BF7D03 /* Main.storyboard */ = {
			isa = PBXVariantGroup;
			children = (
				048CF505257536B800BF7D03 /* Base */,
			);
			name = Main.storyboard;
			sourceTree = "<group>";
		};
		048CF509257536B800BF7D03 /* LaunchScreen.storyboard */ = {
			isa = PBXVariantGroup;
			children = (
				048CF50A257536B800BF7D03 /* Base */,
			);
			name = LaunchScreen.storyboard;
			sourceTree = "<group>";
		};
/* End PBXVariantGroup section */

/* Begin XCBuildConfiguration section */
		048CF523257536B900BF7D03 /* Debug */ = {
			isa = XCBuildConfiguration;
			buildSettings = {
				ALWAYS_SEARCH_USER_PATHS = NO;
				CLANG_ANALYZER_NONNULL = YES;
				CLANG_ANALYZER_NUMBER_OBJECT_CONVERSION = YES_AGGRESSIVE;
				CLANG_CXX_LANGUAGE_STANDARD = "gnu++14";
				CLANG_CXX_LIBRARY = "libc++";
				CLANG_ENABLE_MODULES = YES;
				CLANG_ENABLE_OBJC_ARC = YES;
				CLANG_ENABLE_OBJC_WEAK = YES;
				CLANG_WARN_BLOCK_CAPTURE_AUTORELEASING = YES;
				CLANG_WARN_BOOL_CONVERSION = YES;
				CLANG_WARN_COMMA = YES;
				CLANG_WARN_CONSTANT_CONVERSION = YES;
				CLANG_WARN_DEPRECATED_OBJC_IMPLEMENTATIONS = YES;
				CLANG_WARN_DIRECT_OBJC_ISA_USAGE = YES_ERROR;
				CLANG_WARN_DOCUMENTATION_COMMENTS = YES;
				CLANG_WARN_EMPTY_BODY = YES;
				CLANG_WARN_ENUM_CONVERSION = YES;
				CLANG_WARN_INFINITE_RECURSION = YES;
				CLANG_WARN_INT_CONVERSION = YES;
				CLANG_WARN_NON_LITERAL_NULL_CONVERSION = YES;
				CLANG_WARN_OBJC_IMPLICIT_RETAIN_SELF = YES;
				CLANG_WARN_OBJC_LITERAL_CONVERSION = YES;
				CLANG_WARN_OBJC_ROOT_CLASS = YES_ERROR;
				CLANG_WARN_RANGE_LOOP_ANALYSIS = YES;
				CLANG_WARN_STRICT_PROTOTYPES = YES;
				CLANG_WARN_SUSPICIOUS_MOVE = YES;
				CLANG_WARN_UNGUARDED_AVAILABILITY = YES_AGGRESSIVE;
				CLANG_WARN_UNREACHABLE_CODE = YES;
				CLANG_WARN__DUPLICATE_METHOD_MATCH = YES;
				COPY_PHASE_STRIP = NO;
				DEBUG_INFORMATION_FORMAT = dwarf;
				ENABLE_STRICT_OBJC_MSGSEND = YES;
				ENABLE_TESTABILITY = YES;
				GCC_C_LANGUAGE_STANDARD = gnu11;
				GCC_DYNAMIC_NO_PIC = NO;
				GCC_NO_COMMON_BLOCKS = YES;
				GCC_OPTIMIZATION_LEVEL = 0;
				GCC_PREPROCESSOR_DEFINITIONS = (
					"DEBUG=1",
					"$(inherited)",
				);
				GCC_WARN_64_TO_32_BIT_CONVERSION = YES;
				GCC_WARN_ABOUT_RETURN_TYPE = YES_ERROR;
				GCC_WARN_UNDECLARED_SELECTOR = YES;
				GCC_WARN_UNINITIALIZED_AUTOS = YES_AGGRESSIVE;
				GCC_WARN_UNUSED_FUNCTION = YES;
				GCC_WARN_UNUSED_VARIABLE = YES;
				IPHONEOS_DEPLOYMENT_TARGET = 13.2;
				MTL_ENABLE_DEBUG_INFO = INCLUDE_SOURCE;
				MTL_FAST_MATH = YES;
				ONLY_ACTIVE_ARCH = YES;
				SDKROOT = iphoneos;
				SWIFT_ACTIVE_COMPILATION_CONDITIONS = DEBUG;
				SWIFT_OPTIMIZATION_LEVEL = "-Onone";
			};
			name = Debug;
		};
		048CF524257536B900BF7D03 /* Release */ = {
			isa = XCBuildConfiguration;
			buildSettings = {
				ALWAYS_SEARCH_USER_PATHS = NO;
				CLANG_ANALYZER_NONNULL = YES;
				CLANG_ANALYZER_NUMBER_OBJECT_CONVERSION = YES_AGGRESSIVE;
				CLANG_CXX_LANGUAGE_STANDARD = "gnu++14";
				CLANG_CXX_LIBRARY = "libc++";
				CLANG_ENABLE_MODULES = YES;
				CLANG_ENABLE_OBJC_ARC = YES;
				CLANG_ENABLE_OBJC_WEAK = YES;
				CLANG_WARN_BLOCK_CAPTURE_AUTORELEASING = YES;
				CLANG_WARN_BOOL_CONVERSION = YES;
				CLANG_WARN_COMMA = YES;
				CLANG_WARN_CONSTANT_CONVERSION = YES;
				CLANG_WARN_DEPRECATED_OBJC_IMPLEMENTATIONS = YES;
				CLANG_WARN_DIRECT_OBJC_ISA_USAGE = YES_ERROR;
				CLANG_WARN_DOCUMENTATION_COMMENTS = YES;
				CLANG_WARN_EMPTY_BODY = YES;
				CLANG_WARN_ENUM_CONVERSION = YES;
				CLANG_WARN_INFINITE_RECURSION = YES;
				CLANG_WARN_INT_CONVERSION = YES;
				CLANG_WARN_NON_LITERAL_NULL_CONVERSION = YES;
				CLANG_WARN_OBJC_IMPLICIT_RETAIN_SELF = YES;
				CLANG_WARN_OBJC_LITERAL_CONVERSION = YES;
				CLANG_WARN_OBJC_ROOT_CLASS = YES_ERROR;
				CLANG_WARN_RANGE_LOOP_ANALYSIS = YES;
				CLANG_WARN_STRICT_PROTOTYPES = YES;
				CLANG_WARN_SUSPICIOUS_MOVE = YES;
				CLANG_WARN_UNGUARDED_AVAILABILITY = YES_AGGRESSIVE;
				CLANG_WARN_UNREACHABLE_CODE = YES;
				CLANG_WARN__DUPLICATE_METHOD_MATCH = YES;
				COPY_PHASE_STRIP = NO;
				DEBUG_INFORMATION_FORMAT = "dwarf-with-dsym";
				ENABLE_NS_ASSERTIONS = NO;
				ENABLE_STRICT_OBJC_MSGSEND = YES;
				GCC_C_LANGUAGE_STANDARD = gnu11;
				GCC_NO_COMMON_BLOCKS = YES;
				GCC_WARN_64_TO_32_BIT_CONVERSION = YES;
				GCC_WARN_ABOUT_RETURN_TYPE = YES_ERROR;
				GCC_WARN_UNDECLARED_SELECTOR = YES;
				GCC_WARN_UNINITIALIZED_AUTOS = YES_AGGRESSIVE;
				GCC_WARN_UNUSED_FUNCTION = YES;
				GCC_WARN_UNUSED_VARIABLE = YES;
				IPHONEOS_DEPLOYMENT_TARGET = 13.2;
				MTL_ENABLE_DEBUG_INFO = NO;
				MTL_FAST_MATH = YES;
				SDKROOT = iphoneos;
				SWIFT_COMPILATION_MODE = wholemodule;
				SWIFT_OPTIMIZATION_LEVEL = "-O";
				VALIDATE_PRODUCT = YES;
			};
			name = Release;
		};
		048CF526257536B900BF7D03 /* Debug */ = {
			isa = XCBuildConfiguration;
			buildSettings = {
				ASSETCATALOG_COMPILER_APPICON_NAME = AppIcon;
				CODE_SIGN_STYLE = Automatic;
				DEVELOPMENT_TEAM = TJKCU3J46S;
				INFOPLIST_FILE = test/Info.plist;
				LD_RUNPATH_SEARCH_PATHS = (
					"$(inherited)",
					"@executable_path/Frameworks",
				);
				PRODUCT_BUNDLE_IDENTIFIER = khanhtt2.test;
				PRODUCT_NAME = "$(TARGET_NAME)";
				SWIFT_VERSION = 5.0;
				TARGETED_DEVICE_FAMILY = "1,2";
			};
			name = Debug;
		};
		048CF527257536B900BF7D03 /* Release */ = {
			isa = XCBuildConfiguration;
			buildSettings = {
				ASSETCATALOG_COMPILER_APPICON_NAME = AppIcon;
				CODE_SIGN_STYLE = Automatic;
				DEVELOPMENT_TEAM = TJKCU3J46S;
				INFOPLIST_FILE = test/Info.plist;
				LD_RUNPATH_SEARCH_PATHS = (
					"$(inherited)",
					"@executable_path/Frameworks",
				);
				PRODUCT_BUNDLE_IDENTIFIER = khanhtt2.test;
				PRODUCT_NAME = "$(TARGET_NAME)";
				SWIFT_VERSION = 5.0;
				TARGETED_DEVICE_FAMILY = "1,2";
			};
			name = Release;
		};
		048CF529257536B900BF7D03 /* Debug */ = {
			isa = XCBuildConfiguration;
			buildSettings = {
				ALWAYS_EMBED_SWIFT_STANDARD_LIBRARIES = YES;
				BUNDLE_LOADER = "$(TEST_HOST)";
				CODE_SIGN_STYLE = Automatic;
				DEVELOPMENT_TEAM = TJKCU3J46S;
				INFOPLIST_FILE = testTests/Info.plist;
				IPHONEOS_DEPLOYMENT_TARGET = 13.2;
				LD_RUNPATH_SEARCH_PATHS = (
					"$(inherited)",
					"@executable_path/Frameworks",
					"@loader_path/Frameworks",
				);
				PRODUCT_BUNDLE_IDENTIFIER = khanhtt2.testTests;
				PRODUCT_NAME = "$(TARGET_NAME)";
				SWIFT_VERSION = 5.0;
				TARGETED_DEVICE_FAMILY = "1,2";
				TEST_HOST = "$(BUILT_PRODUCTS_DIR)/test.app/test";
			};
			name = Debug;
		};
		048CF52A257536B900BF7D03 /* Release */ = {
			isa = XCBuildConfiguration;
			buildSettings = {
				ALWAYS_EMBED_SWIFT_STANDARD_LIBRARIES = YES;
				BUNDLE_LOADER = "$(TEST_HOST)";
				CODE_SIGN_STYLE = Automatic;
				DEVELOPMENT_TEAM = TJKCU3J46S;
				INFOPLIST_FILE = testTests/Info.plist;
				IPHONEOS_DEPLOYMENT_TARGET = 13.2;
				LD_RUNPATH_SEARCH_PATHS = (
					"$(inherited)",
					"@executable_path/Frameworks",
					"@loader_path/Frameworks",
				);
				PRODUCT_BUNDLE_IDENTIFIER = khanhtt2.testTests;
				PRODUCT_NAME = "$(TARGET_NAME)";
				SWIFT_VERSION = 5.0;
				TARGETED_DEVICE_FAMILY = "1,2";
				TEST_HOST = "$(BUILT_PRODUCTS_DIR)/test.app/test";
			};
			name = Release;
		};
		048CF52C257536B900BF7D03 /* Debug */ = {
			isa = XCBuildConfiguration;
			buildSettings = {
				ALWAYS_EMBED_SWIFT_STANDARD_LIBRARIES = YES;
				CODE_SIGN_STYLE = Automatic;
				DEVELOPMENT_TEAM = TJKCU3J46S;
				INFOPLIST_FILE = testUITests/Info.plist;
				LD_RUNPATH_SEARCH_PATHS = (
					"$(inherited)",
					"@executable_path/Frameworks",
					"@loader_path/Frameworks",
				);
				PRODUCT_BUNDLE_IDENTIFIER = khanhtt2.testUITests;
				PRODUCT_NAME = "$(TARGET_NAME)";
				SWIFT_VERSION = 5.0;
				TARGETED_DEVICE_FAMILY = "1,2";
				TEST_TARGET_NAME = test;
			};
			name = Debug;
		};
		048CF52D257536B900BF7D03 /* Release */ = {
			isa = XCBuildConfiguration;
			buildSettings = {
				ALWAYS_EMBED_SWIFT_STANDARD_LIBRARIES = YES;
				CODE_SIGN_STYLE = Automatic;
				DEVELOPMENT_TEAM = TJKCU3J46S;
				INFOPLIST_FILE = testUITests/Info.plist;
				LD_RUNPATH_SEARCH_PATHS = (
					"$(inherited)",
					"@executable_path/Frameworks",
					"@loader_path/Frameworks",
				);
				PRODUCT_BUNDLE_IDENTIFIER = khanhtt2.testUITests;
				PRODUCT_NAME = "$(TARGET_NAME)";
				SWIFT_VERSION = 5.0;
				TARGETED_DEVICE_FAMILY = "1,2";
				TEST_TARGET_NAME = test;
			};
			name = Release;
		};
/* End XCBuildConfiguration section */

/* Begin XCConfigurationList section */
		048CF4F6257536B800BF7D03 /* Build configuration list for PBXProject "test" */ = {
			isa = XCConfigurationList;
			buildConfigurations = (
				048CF523257536B900BF7D03 /* Debug */,
				048CF524257536B900BF7D03 /* Release */,
			);
			defaultConfigurationIsVisible = 0;
			defaultConfigurationName = Release;
		};
		048CF525257536B900BF7D03 /* Build configuration list for PBXNativeTarget "test" */ = {
			isa = XCConfigurationList;
			buildConfigurations = (
				048CF526257536B900BF7D03 /* Debug */,
				048CF527257536B900BF7D03 /* Release */,
			);
			defaultConfigurationIsVisible = 0;
			defaultConfigurationName = Release;
		};
		048CF528257536B900BF7D03 /* Build configuration list for PBXNativeTarget "testTests" */ = {
			isa = XCConfigurationList;
			buildConfigurations = (
				048CF529257536B900BF7D03 /* Debug */,
				048CF52A257536B900BF7D03 /* Release */,
			);
			defaultConfigurationIsVisible = 0;
			defaultConfigurationName = Release;
		};
		048CF52B257536B900BF7D03 /* Build configuration list for PBXNativeTarget "testUITests" */ = {
			isa = XCConfigurationList;
			buildConfigurations = (
				048CF52C257536B900BF7D03 /* Debug */,
				048CF52D257536B900BF7D03 /* Release */,
			);
			defaultConfigurationIsVisible = 0;
			defaultConfigurationName = Release;
		};
/* End XCConfigurationList section */
	};
	rootObject = 048CF4F3257536B800BF7D03 /* Project object */;
}
